
Microsoft Visual Studio Solution File, Format Version 12.00
# Visual Studio 15
VisualStudioVersion = 15.0.26730.16
MinimumVisualStudioVersion = 10.0.40219.1
Project("{FAE04EC0-301F-11D3-BF4B-00C04F79EFBC}") = "VaryTheBackground", "VaryTheBackground.csproj", "{4A2B51D3-A2FE-46D9-865C-DC02EC3F81FD}"
EndProject
Global
	GlobalSection(SolutionConfigurationPlatforms) = preSolution
		Debug|Any CPU = Debug|Any CPU
		Release|Any CPU = Release|Any CPU
	EndGlobalSection
	GlobalSection(ProjectConfigurationPlatforms) = postSolution
		{4A2B51D3-A2FE-46D9-865C-DC02EC3F81FD}.Debug|Any CPU.ActiveCfg = Debug|Any CPU
		{4A2B51D3-A2FE-46D9-865C-DC02EC3F81FD}.Debug|Any CPU.Build.0 = Debug|Any CPU
		{4A2B51D3-A2FE-46D9-865C-DC02EC3F81FD}.Release|Any CPU.ActiveCfg = Release|Any CPU
		{4A2B51D3-A2FE-46D9-865C-DC02EC3F81FD}.Release|Any CPU.Build.0 = Release|Any CPU
	EndGlobalSection
	GlobalSection(SolutionProperties) = preSolution
		HideSolutionNode = FALSE
	EndGlobalSection
	GlobalSection(ExtensibilityGlobals) = postSolution
		SolutionGuid = {F2CF7BB6-1597-4EAB-8CB9-3B77216B113B}
	EndGlobalSection
EndGlobal
